[[package]]
name = "cc"
version = "1.0.25"
source = "registry+https://github.com/rust-lang/crates.io-index"

[[package]]
name = "lazy_static"
version = "0.2.11"
source = "registry+https://github.com/rust-lang/crates.io-index"

[[package]]
name = "oracle"
version = "0.1.1"
source = "registry+https://github.com/rust-lang/crates.io-index"
dependencies = [
 "cc 1.0.25 (registry+https://github.com/rust-lang/crates.io-index)",
 "lazy_static 0.2.11 (registry+https://github.com/rust-lang/crates.io-index)",
 "try_from 0.2.2 (registry+https://github.com/rust-lang/crates.io-index)",
]

[[package]]
name = "oraclecmd"
version = "1.0.0"
dependencies = [
 "oracle 0.1.1 (registry+https://github.com/rust-lang/crates.io-index)",
 "rust-ini 0.13.0 (registry+https://github.com/rust-lang/crates.io-index)",
]

[[package]]
name = "rust-ini"
version = "0.13.0"
source = "registry+https://github.com/rust-lang/crates.io-index"

[[package]]
name = "try_from"
version = "0.2.2"
source = "registry+https://github.com/rust-lang/crates.io-index"

[metadata]
"checksum cc 1.0.25 (registry+https://github.com/rust-lang/crates.io-index)" = "f159dfd43363c4d08055a07703eb7a3406b0dac4d0584d96965a3262db3c9d16"
"checksum lazy_static 0.2.11 (registry+https://github.com/rust-lang/crates.io-index)" = "76f033c7ad61445c5b347c7382dd1237847eb1bce590fe50365dcb33d546be73"
"checksum oracle 0.1.1 (registry+https://github.com/rust-lang/crates.io-index)" = "fc193f34dc1f9f13ea5afd1a5a32abc4b1e1858fa6715756d0491dfe72a59b03"
"checksum rust-ini 0.13.0 (registry+https://github.com/rust-lang/crates.io-index)" = "3e52c148ef37f8c375d49d5a73aa70713125b7f19095948a923f80afdeb22ec2"
"checksum try_from 0.2.2 (registry+https://github.com/rust-lang/crates.io-index)" = "923a7ee3e97dbfe8685261beb4511cc9620a1252405d02693d43169729570111"
